
Microsoft Visual Studio Solution File, Format Version 12.00
# Visual Studio 15
VisualStudioVersion = 15.0.28307.572
MinimumVisualStudioVersion = 10.0.40219.1
Project("{FAE04EC0-301F-11D3-BF4B-00C04F79EFBC}") = "GenericInfrastructure", "GenericInfrastructure\GenericInfrastructure.csproj", "{E294A895-C70B-46CD-AAC6-0A7E8CBB286C}"
EndProject
Global
	GlobalSection(SolutionConfigurationPlatforms) = preSolution
		Debug|Any CPU = Debug|Any CPU
		Release|Any CPU = Release|Any CPU
	EndGlobalSection
	GlobalSection(ProjectConfigurationPlatforms) = postSolution
		{E294A895-C70B-46CD-AAC6-0A7E8CBB286C}.Debug|Any CPU.ActiveCfg = Debug|Any CPU
		{E294A895-C70B-46CD-AAC6-0A7E8CBB286C}.Debug|Any CPU.Build.0 = Debug|Any CPU
		{E294A895-C70B-46CD-AAC6-0A7E8CBB286C}.Release|Any CPU.ActiveCfg = Release|Any CPU
		{E294A895-C70B-46CD-AAC6-0A7E8CBB286C}.Release|Any CPU.Build.0 = Release|Any CPU
	EndGlobalSection
	GlobalSection(SolutionProperties) = preSolution
		HideSolutionNode = FALSE
	EndGlobalSection
	GlobalSection(ExtensibilityGlobals) = postSolution
		SolutionGuid = {E358211A-E08D-4DFA-A2F9-F4CD7B4DF2DA}
	EndGlobalSection
EndGlobal
